
Microsoft Visual Studio Solution File, Format Version 12.00
# Visual Studio Version 17
VisualStudioVersion = 17.1.32210.238
MinimumVisualStudioVersion = 10.0.40219.1
Project("{FAE04EC0-301F-11D3-BF4B-00C04F79EFBC}") = "TinyChatServer", "TinyChatServer\TinyChatServer.csproj", "{61435811-37E2-4C9E-99B4-E7354B72EBA1}"
EndProject
Global
	GlobalSection(SolutionConfigurationPlatforms) = preSolution
		Debug|Any CPU = Debug|Any CPU
		Release|Any CPU = Release|Any CPU
	EndGlobalSection
	GlobalSection(ProjectConfigurationPlatforms) = postSolution
		{61435811-37E2-4C9E-99B4-E7354B72EBA1}.Debug|Any CPU.ActiveCfg = Debug|Any CPU
		{61435811-37E2-4C9E-99B4-E7354B72EBA1}.Debug|Any CPU.Build.0 = Debug|Any CPU
		{61435811-37E2-4C9E-99B4-E7354B72EBA1}.Release|Any CPU.ActiveCfg = Release|Any CPU
		{61435811-37E2-4C9E-99B4-E7354B72EBA1}.Release|Any CPU.Build.0 = Release|Any CPU
	EndGlobalSection
	GlobalSection(SolutionProperties) = preSolution
		HideSolutionNode = FALSE
	EndGlobalSection
	GlobalSection(ExtensibilityGlobals) = postSolution
		SolutionGuid = {DC00C97D-D53F-473F-918F-E5415D7CEE2C}
	EndGlobalSection
EndGlobal
